// !$*UTF8*$!
{
	archiveVersion = 1;
	classes = {
	};
	objectVersion = 50;
	objects = {

/* Begin PBXBuildFile section */
		B818E26726A5E04C006FC252 /* StudentsRecord_CombineApp.swift in Sources */ = {isa = PBXBuildFile; fileRef = B818E26626A5E04C006FC252 /* StudentsRecord_CombineApp.swift */; };
		B818E26926A5E04C006FC252 /* ContentView.swift in Sources */ = {isa = PBXBuildFile; fileRef = B818E26826A5E04C006FC252 /* ContentView.swift */; };
		B818E26B26A5E05A006FC252 /* Assets.xcassets in Resources */ = {isa = PBXBuildFile; fileRef = B818E26A26A5E05A006FC252 /* Assets.xcassets */; };
		B818E26E26A5E05A006FC252 /* Preview Assets.xcassets in Resources */ = {isa = PBXBuildFile; fileRef = B818E26D26A5E05A006FC252 /* Preview Assets.xcassets */; };
		B818E27826A5E2E3006FC252 /* DataStoreViewModel.swift in Sources */ = {isa = PBXBuildFile; fileRef = B818E27526A5E2E3006FC252 /* DataStoreViewModel.swift */; };
		B818E27926A5E2E3006FC252 /* FileManeger.swift in Sources */ = {isa = PBXBuildFile; fileRef = B818E27626A5E2E3006FC252 /* FileManeger.swift */; };
		B818E27A26A5E2E3006FC252 /* EmailHelper.swift in Sources */ = {isa = PBXBuildFile; fileRef = B818E27726A5E2E3006FC252 /* EmailHelper.swift */; };
		B818E27D26A5E2EE006FC252 /* ModalType.swift in Sources */ = {isa = PBXBuildFile; fileRef = B818E27B26A5E2EE006FC252 /* ModalType.swift */; };
		B818E27E26A5E2EE006FC252 /* MessageComposeView.swift in Sources */ = {isa = PBXBuildFile; fileRef = B818E27C26A5E2EE006FC252 /* MessageComposeView.swift */; };
		B818E28426A5E2FF006FC252 /* SendEmailView.swift in Sources */ = {isa = PBXBuildFile; fileRef = B818E27F26A5E2FF006FC252 /* SendEmailView.swift */; };
		B818E28526A5E2FF006FC252 /* StudentFormView.swift in Sources */ = {isa = PBXBuildFile; fileRef = B818E28026A5E2FF006FC252 /* StudentFormView.swift */; };
		B818E28626A5E2FF006FC252 /* StudentError.swift in Sources */ = {isa = PBXBuildFile; fileRef = B818E28126A5E2FF006FC252 /* StudentError.swift */; };
		B818E28726A5E2FF006FC252 /* SecondEmailView.swift in Sources */ = {isa = PBXBuildFile; fileRef = B818E28226A5E2FF006FC252 /* SecondEmailView.swift */; };
		B818E28826A5E2FF006FC252 /* StudentFormViewModel.swift in Sources */ = {isa = PBXBuildFile; fileRef = B818E28326A5E2FF006FC252 /* StudentFormViewModel.swift */; };
		B818E28A26A5E309006FC252 /* Students.swift in Sources */ = {isa = PBXBuildFile; fileRef = B818E28926A5E309006FC252 /* Students.swift */; };
/* End PBXBuildFile section */

/* Begin PBXFileReference section */
		B818E26326A5E04C006FC252 /* StudentsRecord-Combine.app */ = {isa = PBXFileReference; explicitFileType = wrapper.application; includeInIndex = 0; path = "StudentsRecord-Combine.app"; sourceTree = BUILT_PRODUCTS_DIR; };
		B818E26626A5E04C006FC252 /* StudentsRecord_CombineApp.swift */ = {isa = PBXFileReference; lastKnownFileType = sourcecode.swift; path = StudentsRecord_CombineApp.swift; sourceTree = "<group>"; };
		B818E26826A5E04C006FC252 /* ContentView.swift */ = {isa = PBXFileReference; lastKnownFileType = sourcecode.swift; path = ContentView.swift; sourceTree = "<group>"; };
		B818E26A26A5E05A006FC252 /* Assets.xcassets */ = {isa = PBXFileReference; lastKnownFileType = folder.assetcatalog; path = Assets.xcassets; sourceTree = "<group>"; };
		B818E26D26A5E05A006FC252 /* Preview Assets.xcassets */ = {isa = PBXFileReference; lastKnownFileType = folder.assetcatalog; path = "Preview Assets.xcassets"; sourceTree = "<group>"; };
		B818E26F26A5E05A006FC252 /* Info.plist */ = {isa = PBXFileReference; lastKnownFileType = text.plist.xml; path = Info.plist; sourceTree = "<group>"; };
		B818E27526A5E2E3006FC252 /* DataStoreViewModel.swift */ = {isa = PBXFileReference; fileEncoding = 4; lastKnownFileType = sourcecode.swift; path = DataStoreViewModel.swift; sourceTree = "<group>"; };
		B818E27626A5E2E3006FC252 /* FileManeger.swift */ = {isa = PBXFileReference; fileEncoding = 4; lastKnownFileType = sourcecode.swift; path = FileManeger.swift; sourceTree = "<group>"; };
		B818E27726A5E2E3006FC252 /* EmailHelper.swift */ = {isa = PBXFileReference; fileEncoding = 4; lastKnownFileType = sourcecode.swift; path = EmailHelper.swift; sourceTree = "<group>"; };
		B818E27B26A5E2EE006FC252 /* ModalType.swift */ = {isa = PBXFileReference; fileEncoding = 4; lastKnownFileType = sourcecode.swift; path = ModalType.swift; sourceTree = "<group>"; };
		B818E27C26A5E2EE006FC252 /* MessageComposeView.swift */ = {isa = PBXFileReference; fileEncoding = 4; lastKnownFileType = sourcecode.swift; path = MessageComposeView.swift; sourceTree = "<group>"; };
		B818E27F26A5E2FF006FC252 /* SendEmailView.swift */ = {isa = PBXFileReference; fileEncoding = 4; lastKnownFileType = sourcecode.swift; path = SendEmailView.swift; sourceTree = "<group>"; };
		B818E28026A5E2FF006FC252 /* StudentFormView.swift */ = {isa = PBXFileReference; fileEncoding = 4; lastKnownFileType = sourcecode.swift; path = StudentFormView.swift; sourceTree = "<group>"; };
		B818E28126A5E2FF006FC252 /* StudentError.swift */ = {isa = PBXFileReference; fileEncoding = 4; lastKnownFileType = sourcecode.swift; path = StudentError.swift; sourceTree = "<group>"; };
		B818E28226A5E2FF006FC252 /* SecondEmailView.swift */ = {isa = PBXFileReference; fileEncoding = 4; lastKnownFileType = sourcecode.swift; path = SecondEmailView.swift; sourceTree = "<group>"; };
		B818E28326A5E2FF006FC252 /* StudentFormViewModel.swift */ = {isa = PBXFileReference; fileEncoding = 4; lastKnownFileType = sourcecode.swift; path = StudentFormViewModel.swift; sourceTree = "<group>"; };
		B818E28926A5E309006FC252 /* Students.swift */ = {isa = PBXFileReference; fileEncoding = 4; lastKnownFileType = sourcecode.swift; path = Students.swift; sourceTree = "<group>"; };
/* End PBXFileReference section */

/* Begin PBXFrameworksBuildPhase section */
		B818E26026A5E04C006FC252 /* Frameworks */ = {
			isa = PBXFrameworksBuildPhase;
			buildActionMask = 2147483647;
			files = (
			);
			runOnlyForDeploymentPostprocessing = 0;
		};
/* End PBXFrameworksBuildPhase section */

/* Begin PBXGroup section */
		B818E25A26A5E04C006FC252 = {
			isa = PBXGroup;
			children = (
				B818E26526A5E04C006FC252 /* StudentsRecord-Combine */,
				B818E26426A5E04C006FC252 /* Products */,
			);
			sourceTree = "<group>";
		};
		B818E26426A5E04C006FC252 /* Products */ = {
			isa = PBXGroup;
			children = (
				B818E26326A5E04C006FC252 /* StudentsRecord-Combine.app */,
			);
			name = Products;
			sourceTree = "<group>";
		};
		B818E26526A5E04C006FC252 /* StudentsRecord-Combine */ = {
			isa = PBXGroup;
			children = (
				B818E28926A5E309006FC252 /* Students.swift */,
				B818E28226A5E2FF006FC252 /* SecondEmailView.swift */,
				B818E27F26A5E2FF006FC252 /* SendEmailView.swift */,
				B818E28126A5E2FF006FC252 /* StudentError.swift */,
				B818E28026A5E2FF006FC252 /* StudentFormView.swift */,
				B818E28326A5E2FF006FC252 /* StudentFormViewModel.swift */,
				B818E27C26A5E2EE006FC252 /* MessageComposeView.swift */,
				B818E27B26A5E2EE006FC252 /* ModalType.swift */,
				B818E27526A5E2E3006FC252 /* DataStoreViewModel.swift */,
				B818E27726A5E2E3006FC252 /* EmailHelper.swift */,
				B818E27626A5E2E3006FC252 /* FileManeger.swift */,
				B818E26626A5E04C006FC252 /* StudentsRecord_CombineApp.swift */,
				B818E26826A5E04C006FC252 /* ContentView.swift */,
				B818E26A26A5E05A006FC252 /* Assets.xcassets */,
				B818E26F26A5E05A006FC252 /* Info.plist */,
				B818E26C26A5E05A006FC252 /* Preview Content */,
			);
			path = "StudentsRecord-Combine";
			sourceTree = "<group>";
		};
		B818E26C26A5E05A006FC252 /* Preview Content */ = {
			isa = PBXGroup;
			children = (
				B818E26D26A5E05A006FC252 /* Preview Assets.xcassets */,
			);
			path = "Preview Content";
			sourceTree = "<group>";
		};
/* End PBXGroup section */

/* Begin PBXNativeTarget section */
		B818E26226A5E04C006FC252 /* StudentsRecord-Combine */ = {
			isa = PBXNativeTarget;
			buildConfigurationList = B818E27226A5E05A006FC252 /* Build configuration list for PBXNativeTarget "StudentsRecord-Combine" */;
			buildPhases = (
				B818E25F26A5E04C006FC252 /* Sources */,
				B818E26026A5E04C006FC252 /* Frameworks */,
				B818E26126A5E04C006FC252 /* Resources */,
			);
			buildRules = (
			);
			dependencies = (
			);
			name = "StudentsRecord-Combine";
			productName = "StudentsRecord-Combine";
			productReference = B818E26326A5E04C006FC252 /* StudentsRecord-Combine.app */;
			productType = "com.apple.product-type.application";
		};
/* End PBXNativeTarget section */

/* Begin PBXProject section */
		B818E25B26A5E04C006FC252 /* Project object */ = {
			isa = PBXProject;
			attributes = {
				LastSwiftUpdateCheck = 1250;
				LastUpgradeCheck = 1250;
				TargetAttributes = {
					B818E26226A5E04C006FC252 = {
						CreatedOnToolsVersion = 12.5.1;
					};
				};
			};
			buildConfigurationList = B818E25E26A5E04C006FC252 /* Build configuration list for PBXProject "StudentsRecord-Combine" */;
			compatibilityVersion = "Xcode 9.3";
			developmentRegion = en;
			hasScannedForEncodings = 0;
			knownRegions = (
				en,
				Base,
			);
			mainGroup = B818E25A26A5E04C006FC252;
			productRefGroup = B818E26426A5E04C006FC252 /* Products */;
			projectDirPath = "";
			projectRoot = "";
			targets = (
				B818E26226A5E04C006FC252 /* StudentsRecord-Combine */,
			);
		};
/* End PBXProject section */

/* Begin PBXResourcesBuildPhase section */
		B818E26126A5E04C006FC252 /* Resources */ = {
			isa = PBXResourcesBuildPhase;
			buildActionMask = 2147483647;
			files = (
				B818E26E26A5E05A006FC252 /* Preview Assets.xcassets in Resources */,
				B818E26B26A5E05A006FC252 /* Assets.xcassets in Resources */,
			);
			runOnlyForDeploymentPostprocessing = 0;
		};
/* End PBXResourcesBuildPhase section */

/* Begin PBXSourcesBuildPhase section */
		B818E25F26A5E04C006FC252 /* Sources */ = {
			isa = PBXSourcesBuildPhase;
			buildActionMask = 2147483647;
			files = (
				B818E26926A5E04C006FC252 /* ContentView.swift in Sources */,
				B818E28A26A5E309006FC252 /* Students.swift in Sources */,
				B818E27826A5E2E3006FC252 /* DataStoreViewModel.swift in Sources */,
				B818E26726A5E04C006FC252 /* StudentsRecord_CombineApp.swift in Sources */,
				B818E28726A5E2FF006FC252 /* SecondEmailView.swift in Sources */,
				B818E28426A5E2FF006FC252 /* SendEmailView.swift in Sources */,
				B818E27D26A5E2EE006FC252 /* ModalType.swift in Sources */,
				B818E27E26A5E2EE006FC252 /* MessageComposeView.swift in Sources */,
				B818E27926A5E2E3006FC252 /* FileManeger.swift in Sources */,
				B818E28826A5E2FF006FC252 /* StudentFormViewModel.swift in Sources */,
				B818E27A26A5E2E3006FC252 /* EmailHelper.swift in Sources */,
				B818E28626A5E2FF006FC252 /* StudentError.swift in Sources */,
				B818E28526A5E2FF006FC252 /* StudentFormView.swift in Sources */,
			);
			runOnlyForDeploymentPostprocessing = 0;
		};
/* End PBXSourcesBuildPhase section */

/* Begin XCBuildConfiguration section */
		B818E27026A5E05A006FC252 /* Debug */ = {
			isa = XCBuildConfiguration;
			buildSettings = {
				ALWAYS_SEARCH_USER_PATHS = NO;
				CLANG_ANALYZER_NONNULL = YES;
				CLANG_ANALYZER_NUMBER_OBJECT_CONVERSION = YES_AGGRESSIVE;
				CLANG_CXX_LANGUAGE_STANDARD = "gnu++14";
				CLANG_CXX_LIBRARY = "libc++";
				CLANG_ENABLE_MODULES = YES;
				CLANG_ENABLE_OBJC_ARC = YES;
				CLANG_ENABLE_OBJC_WEAK = YES;
				CLANG_WARN_BLOCK_CAPTURE_AUTORELEASING = YES;
				CLANG_WARN_BOOL_CONVERSION = YES;
				CLANG_WARN_COMMA = YES;
				CLANG_WARN_CONSTANT_CONVERSION = YES;
				CLANG_WARN_DEPRECATED_OBJC_IMPLEMENTATIONS = YES;
				CLANG_WARN_DIRECT_OBJC_ISA_USAGE = YES_ERROR;
				CLANG_WARN_DOCUMENTATION_COMMENTS = YES;
				CLANG_WARN_EMPTY_BODY = YES;
				CLANG_WARN_ENUM_CONVERSION = YES;
				CLANG_WARN_INFINITE_RECURSION = YES;
				CLANG_WARN_INT_CONVERSION = YES;
				CLANG_WARN_NON_LITERAL_NULL_CONVERSION = YES;
				CLANG_WARN_OBJC_IMPLICIT_RETAIN_SELF = YES;
				CLANG_WARN_OBJC_LITERAL_CONVERSION = YES;
				CLANG_WARN_OBJC_ROOT_CLASS = YES_ERROR;
				CLANG_WARN_QUOTED_INCLUDE_IN_FRAMEWORK_HEADER = YES;
				CLANG_WARN_RANGE_LOOP_ANALYSIS = YES;
				CLANG_WARN_STRICT_PROTOTYPES = YES;
				CLANG_WARN_SUSPICIOUS_MOVE = YES;
				CLANG_WARN_UNGUARDED_AVAILABILITY = YES_AGGRESSIVE;
				CLANG_WARN_UNREACHABLE_CODE = YES;
				CLANG_WARN__DUPLICATE_METHOD_MATCH = YES;
				COPY_PHASE_STRIP = NO;
				DEBUG_INFORMATION_FORMAT = dwarf;
				ENABLE_STRICT_OBJC_MSGSEND = YES;
				ENABLE_TESTABILITY = YES;
				GCC_C_LANGUAGE_STANDARD = gnu11;
				GCC_DYNAMIC_NO_PIC = NO;
				GCC_NO_COMMON_BLOCKS = YES;
				GCC_OPTIMIZATION_LEVEL = 0;
				GCC_PREPROCESSOR_DEFINITIONS = (
					"DEBUG=1",
					"$(inherited)",
				);
				GCC_WARN_64_TO_32_BIT_CONVERSION = YES;
				GCC_WARN_ABOUT_RETURN_TYPE = YES_ERROR;
				GCC_WARN_UNDECLARED_SELECTOR = YES;
				GCC_WARN_UNINITIALIZED_AUTOS = YES_AGGRESSIVE;
				GCC_WARN_UNUSED_FUNCTION = YES;
				GCC_WARN_UNUSED_VARIABLE = YES;
				IPHONEOS_DEPLOYMENT_TARGET = 14.5;
				MTL_ENABLE_DEBUG_INFO = INCLUDE_SOURCE;
				MTL_FAST_MATH = YES;
				ONLY_ACTIVE_ARCH = YES;
				SDKROOT = iphoneos;
				SWIFT_ACTIVE_COMPILATION_CONDITIONS = DEBUG;
				SWIFT_OPTIMIZATION_LEVEL = "-Onone";
			};
			name = Debug;
		};
		B818E27126A5E05A006FC252 /* Release */ = {
			isa = XCBuildConfiguration;
			buildSettings = {
				ALWAYS_SEARCH_USER_PATHS = NO;
				CLANG_ANALYZER_NONNULL = YES;
				CLANG_ANALYZER_NUMBER_OBJECT_CONVERSION = YES_AGGRESSIVE;
				CLANG_CXX_LANGUAGE_STANDARD = "gnu++14";
				CLANG_CXX_LIBRARY = "libc++";
				CLANG_ENABLE_MODULES = YES;
				CLANG_ENABLE_OBJC_ARC = YES;
				CLANG_ENABLE_OBJC_WEAK = YES;
				CLANG_WARN_BLOCK_CAPTURE_AUTORELEASING = YES;
				CLANG_WARN_BOOL_CONVERSION = YES;
				CLANG_WARN_COMMA = YES;
				CLANG_WARN_CONSTANT_CONVERSION = YES;
				CLANG_WARN_DEPRECATED_OBJC_IMPLEMENTATIONS = YES;
				CLANG_WARN_DIRECT_OBJC_ISA_USAGE = YES_ERROR;
				CLANG_WARN_DOCUMENTATION_COMMENTS = YES;
				CLANG_WARN_EMPTY_BODY = YES;
				CLANG_WARN_ENUM_CONVERSION = YES;
				CLANG_WARN_INFINITE_RECURSION = YES;
				CLANG_WARN_INT_CONVERSION = YES;
				CLANG_WARN_NON_LITERAL_NULL_CONVERSION = YES;
				CLANG_WARN_OBJC_IMPLICIT_RETAIN_SELF = YES;
				CLANG_WARN_OBJC_LITERAL_CONVERSION = YES;
				CLANG_WARN_OBJC_ROOT_CLASS = YES_ERROR;
				CLANG_WARN_QUOTED_INCLUDE_IN_FRAMEWORK_HEADER = YES;
				CLANG_WARN_RANGE_LOOP_ANALYSIS = YES;
				CLANG_WARN_STRICT_PROTOTYPES = YES;
				CLANG_WARN_SUSPICIOUS_MOVE = YES;
				CLANG_WARN_UNGUARDED_AVAILABILITY = YES_AGGRESSIVE;
				CLANG_WARN_UNREACHABLE_CODE = YES;
				CLANG_WARN__DUPLICATE_METHOD_MATCH = YES;
				COPY_PHASE_STRIP = NO;
				DEBUG_INFORMATION_FORMAT = "dwarf-with-dsym";
				ENABLE_NS_ASSERTIONS = NO;
				ENABLE_STRICT_OBJC_MSGSEND = YES;
				GCC_C_LANGUAGE_STANDARD = gnu11;
				GCC_NO_COMMON_BLOCKS = YES;
				GCC_WARN_64_TO_32_BIT_CONVERSION = YES;
				GCC_WARN_ABOUT_RETURN_TYPE = YES_ERROR;
				GCC_WARN_UNDECLARED_SELECTOR = YES;
				GCC_WARN_UNINITIALIZED_AUTOS = YES_AGGRESSIVE;
				GCC_WARN_UNUSED_FUNCTION = YES;
				GCC_WARN_UNUSED_VARIABLE = YES;
				IPHONEOS_DEPLOYMENT_TARGET = 14.5;
				MTL_ENABLE_DEBUG_INFO = NO;
				MTL_FAST_MATH = YES;
				SDKROOT = iphoneos;
				SWIFT_COMPILATION_MODE = wholemodule;
				SWIFT_OPTIMIZATION_LEVEL = "-O";
				VALIDATE_PRODUCT = YES;
			};
			name = Release;
		};
		B818E27326A5E05A006FC252 /* Debug */ = {
			isa = XCBuildConfiguration;
			buildSettings = {
				ASSETCATALOG_COMPILER_APPICON_NAME = AppIcon;
				ASSETCATALOG_COMPILER_GLOBAL_ACCENT_COLOR_NAME = AccentColor;
				CODE_SIGN_STYLE = Automatic;
				DEVELOPMENT_ASSET_PATHS = "\"StudentsRecord-Combine/Preview Content\"";
				DEVELOPMENT_TEAM = H7HSH28V5D;
				ENABLE_PREVIEWS = YES;
				INFOPLIST_FILE = "StudentsRecord-Combine/Info.plist";
				IPHONEOS_DEPLOYMENT_TARGET = 14.0;
				LD_RUNPATH_SEARCH_PATHS = (
					"$(inherited)",
					"@executable_path/Frameworks",
				);
				PRODUCT_BUNDLE_IDENTIFIER = "-01.StudentsRecord-Combine";
				PRODUCT_NAME = "$(TARGET_NAME)";
				SWIFT_VERSION = 5.0;
				TARGETED_DEVICE_FAMILY = "1,2";
			};
			name = Debug;
		};
		B818E27426A5E05A006FC252 /* Release */ = {
			isa = XCBuildConfiguration;
			buildSettings = {
				ASSETCATALOG_COMPILER_APPICON_NAME = AppIcon;
				ASSETCATALOG_COMPILER_GLOBAL_ACCENT_COLOR_NAME = AccentColor;
				CODE_SIGN_STYLE = Automatic;
				DEVELOPMENT_ASSET_PATHS = "\"StudentsRecord-Combine/Preview Content\"";
				DEVELOPMENT_TEAM = H7HSH28V5D;
				ENABLE_PREVIEWS = YES;
				INFOPLIST_FILE = "StudentsRecord-Combine/Info.plist";
				IPHONEOS_DEPLOYMENT_TARGET = 14.0;
				LD_RUNPATH_SEARCH_PATHS = (
					"$(inherited)",
					"@executable_path/Frameworks",
				);
				PRODUCT_BUNDLE_IDENTIFIER = "-01.StudentsRecord-Combine";
				PRODUCT_NAME = "$(TARGET_NAME)";
				SWIFT_VERSION = 5.0;
				TARGETED_DEVICE_FAMILY = "1,2";
			};
			name = Release;
		};
/* End XCBuildConfiguration section */

/* Begin XCConfigurationList section */
		B818E25E26A5E04C006FC252 /* Build configuration list for PBXProject "StudentsRecord-Combine" */ = {
			isa = XCConfigurationList;
			buildConfigurations = (
				B818E27026A5E05A006FC252 /* Debug */,
				B818E27126A5E05A006FC252 /* Release */,
			);
			defaultConfigurationIsVisible = 0;
			defaultConfigurationName = Release;
		};
		B818E27226A5E05A006FC252 /* Build configuration list for PBXNativeTarget "StudentsRecord-Combine" */ = {
			isa = XCConfigurationList;
			buildConfigurations = (
				B818E27326A5E05A006FC252 /* Debug */,
				B818E27426A5E05A006FC252 /* Release */,
			);
			defaultConfigurationIsVisible = 0;
			defaultConfigurationName = Release;
		};
/* End XCConfigurationList section */
	};
	rootObject = B818E25B26A5E04C006FC252 /* Project object */;
}
